
Microsoft Visual Studio Solution File, Format Version 12.00
Project("{FAE04EC0-301F-11D3-BF4B-00C04F79EFBC}") = "Linguist", "Linguist.csproj", "{829AF76B-5B4F-4151-B83F-0DF403106666}"
EndProject
Global
	GlobalSection(SolutionConfigurationPlatforms) = preSolution
		Debug|Any CPU = Debug|Any CPU
		Release|Any CPU = Release|Any CPU
	EndGlobalSection
	GlobalSection(ProjectConfigurationPlatforms) = postSolution
		{829AF76B-5B4F-4151-B83F-0DF403106666}.Debug|Any CPU.ActiveCfg = Debug|x64
		{829AF76B-5B4F-4151-B83F-0DF403106666}.Debug|Any CPU.Build.0 = Debug|x64
		{829AF76B-5B4F-4151-B83F-0DF403106666}.Release|Any CPU.ActiveCfg = Release|x64
		{829AF76B-5B4F-4151-B83F-0DF403106666}.Release|Any CPU.Build.0 = Release|x64
	EndGlobalSection
EndGlobal
